// !$*UTF8*$!
{
	archiveVersion = 1;
	classes = {
	};
	objectVersion = 55;
	objects = {

/* Begin PBXBuildFile section */
		75ACA6C728D0EF73008063CF /* AppDelegate.swift in Sources */ = {isa = PBXBuildFile; fileRef = 75ACA6C628D0EF73008063CF /* AppDelegate.swift */; };
		75ACA6C928D0EF73008063CF /* SceneDelegate.swift in Sources */ = {isa = PBXBuildFile; fileRef = 75ACA6C828D0EF73008063CF /* SceneDelegate.swift */; };
		75ACA6CB28D0EF73008063CF /* ViewController.swift in Sources */ = {isa = PBXBuildFile; fileRef = 75ACA6CA28D0EF73008063CF /* ViewController.swift */; };
		75ACA6CE28D0EF73008063CF /* Main.storyboard in Resources */ = {isa = PBXBuildFile; fileRef = 75ACA6CC28D0EF73008063CF /* Main.storyboard */; };
		75ACA6D028D0EF75008063CF /* Assets.xcassets in Resources */ = {isa = PBXBuildFile; fileRef = 75ACA6CF28D0EF75008063CF /* Assets.xcassets */; };
		75ACA6D328D0EF75008063CF /* LaunchScreen.storyboard in Resources */ = {isa = PBXBuildFile; fileRef = 75ACA6D128D0EF75008063CF /* LaunchScreen.storyboard */; };
		75ACA6DC28D0F7C7008063CF /* Model.swift in Sources */ = {isa = PBXBuildFile; fileRef = 75ACA6DB28D0F7C7008063CF /* Model.swift */; };
		75ACA6DF28D0F8C3008063CF /* PersonViewCell.swift in Sources */ = {isa = PBXBuildFile; fileRef = 75ACA6DE28D0F8C3008063CF /* PersonViewCell.swift */; };
		75ACA6E228D33D0A008063CF /* PersonViewModel.swift in Sources */ = {isa = PBXBuildFile; fileRef = 75ACA6E128D33D0A008063CF /* PersonViewModel.swift */; };
		75ACA6E428D3568F008063CF /* .gitignore in Resources */ = {isa = PBXBuildFile; fileRef = 75ACA6E328D3568F008063CF /* .gitignore */; };
/* End PBXBuildFile section */

/* Begin PBXFileReference section */
		75ACA6C328D0EF73008063CF /* MVVM.app */ = {isa = PBXFileReference; explicitFileType = wrapper.application; includeInIndex = 0; path = MVVM.app; sourceTree = BUILT_PRODUCTS_DIR; };
		75ACA6C628D0EF73008063CF /* AppDelegate.swift */ = {isa = PBXFileReference; lastKnownFileType = sourcecode.swift; path = AppDelegate.swift; sourceTree = "<group>"; };
		75ACA6C828D0EF73008063CF /* SceneDelegate.swift */ = {isa = PBXFileReference; lastKnownFileType = sourcecode.swift; path = SceneDelegate.swift; sourceTree = "<group>"; };
		75ACA6CA28D0EF73008063CF /* ViewController.swift */ = {isa = PBXFileReference; lastKnownFileType = sourcecode.swift; path = ViewController.swift; sourceTree = "<group>"; };
		75ACA6CD28D0EF73008063CF /* Base */ = {isa = PBXFileReference; lastKnownFileType = file.storyboard; name = Base; path = Base.lproj/Main.storyboard; sourceTree = "<group>"; };
		75ACA6CF28D0EF75008063CF /* Assets.xcassets */ = {isa = PBXFileReference; lastKnownFileType = folder.assetcatalog; path = Assets.xcassets; sourceTree = "<group>"; };
		75ACA6D228D0EF75008063CF /* Base */ = {isa = PBXFileReference; lastKnownFileType = file.storyboard; name = Base; path = Base.lproj/LaunchScreen.storyboard; sourceTree = "<group>"; };
		75ACA6D428D0EF75008063CF /* Info.plist */ = {isa = PBXFileReference; lastKnownFileType = text.plist.xml; path = Info.plist; sourceTree = "<group>"; };
		75ACA6DB28D0F7C7008063CF /* Model.swift */ = {isa = PBXFileReference; lastKnownFileType = sourcecode.swift; path = Model.swift; sourceTree = "<group>"; };
		75ACA6DE28D0F8C3008063CF /* PersonViewCell.swift */ = {isa = PBXFileReference; lastKnownFileType = sourcecode.swift; path = PersonViewCell.swift; sourceTree = "<group>"; };
		75ACA6E128D33D0A008063CF /* PersonViewModel.swift */ = {isa = PBXFileReference; lastKnownFileType = sourcecode.swift; path = PersonViewModel.swift; sourceTree = "<group>"; };
		75ACA6E328D3568F008063CF /* .gitignore */ = {isa = PBXFileReference; lastKnownFileType = text; path = .gitignore; sourceTree = "<group>"; };
/* End PBXFileReference section */

/* Begin PBXFrameworksBuildPhase section */
		75ACA6C028D0EF73008063CF /* Frameworks */ = {
			isa = PBXFrameworksBuildPhase;
			buildActionMask = 2147483647;
			files = (
			);
			runOnlyForDeploymentPostprocessing = 0;
		};
/* End PBXFrameworksBuildPhase section */

/* Begin PBXGroup section */
		75ACA6BA28D0EF73008063CF = {
			isa = PBXGroup;
			children = (
				75ACA6C528D0EF73008063CF /* MVVM */,
				75ACA6C428D0EF73008063CF /* Products */,
			);
			sourceTree = "<group>";
		};
		75ACA6C428D0EF73008063CF /* Products */ = {
			isa = PBXGroup;
			children = (
				75ACA6C328D0EF73008063CF /* MVVM.app */,
			);
			name = Products;
			sourceTree = "<group>";
		};
		75ACA6C528D0EF73008063CF /* MVVM */ = {
			isa = PBXGroup;
			children = (
				75ACA6DD28D0F89C008063CF /* View */,
				75ACA6DA28D0F7B2008063CF /* Models */,
				75ACA6E028D33CEF008063CF /* ViewModels */,
				75ACA6C628D0EF73008063CF /* AppDelegate.swift */,
				75ACA6CA28D0EF73008063CF /* ViewController.swift */,
				75ACA6C828D0EF73008063CF /* SceneDelegate.swift */,
				75ACA6CC28D0EF73008063CF /* Main.storyboard */,
				75ACA6CF28D0EF75008063CF /* Assets.xcassets */,
				75ACA6D128D0EF75008063CF /* LaunchScreen.storyboard */,
				75ACA6D428D0EF75008063CF /* Info.plist */,
				75ACA6E328D3568F008063CF /* .gitignore */,
			);
			path = MVVM;
			sourceTree = "<group>";
		};
		75ACA6DA28D0F7B2008063CF /* Models */ = {
			isa = PBXGroup;
			children = (
				75ACA6DB28D0F7C7008063CF /* Model.swift */,
			);
			path = Models;
			sourceTree = "<group>";
		};
		75ACA6DD28D0F89C008063CF /* View */ = {
			isa = PBXGroup;
			children = (
				75ACA6DE28D0F8C3008063CF /* PersonViewCell.swift */,
			);
			path = View;
			sourceTree = "<group>";
		};
		75ACA6E028D33CEF008063CF /* ViewModels */ = {
			isa = PBXGroup;
			children = (
				75ACA6E128D33D0A008063CF /* PersonViewModel.swift */,
			);
			path = ViewModels;
			sourceTree = "<group>";
		};
/* End PBXGroup section */

/* Begin PBXNativeTarget section */
		75ACA6C228D0EF73008063CF /* MVVM */ = {
			isa = PBXNativeTarget;
			buildConfigurationList = 75ACA6D728D0EF75008063CF /* Build configuration list for PBXNativeTarget "MVVM" */;
			buildPhases = (
				75ACA6BF28D0EF73008063CF /* Sources */,
				75ACA6C028D0EF73008063CF /* Frameworks */,
				75ACA6C128D0EF73008063CF /* Resources */,
			);
			buildRules = (
			);
			dependencies = (
			);
			name = MVVM;
			productName = MVVM;
			productReference = 75ACA6C328D0EF73008063CF /* MVVM.app */;
			productType = "com.apple.product-type.application";
		};
/* End PBXNativeTarget section */

/* Begin PBXProject section */
		75ACA6BB28D0EF73008063CF /* Project object */ = {
			isa = PBXProject;
			attributes = {
				BuildIndependentTargetsInParallel = 1;
				LastSwiftUpdateCheck = 1340;
				LastUpgradeCheck = 1340;
				TargetAttributes = {
					75ACA6C228D0EF73008063CF = {
						CreatedOnToolsVersion = 13.4.1;
					};
				};
			};
			buildConfigurationList = 75ACA6BE28D0EF73008063CF /* Build configuration list for PBXProject "MVVM" */;
			compatibilityVersion = "Xcode 13.0";
			developmentRegion = en;
			hasScannedForEncodings = 0;
			knownRegions = (
				en,
				Base,
			);
			mainGroup = 75ACA6BA28D0EF73008063CF;
			productRefGroup = 75ACA6C428D0EF73008063CF /* Products */;
			projectDirPath = "";
			projectRoot = "";
			targets = (
				75ACA6C228D0EF73008063CF /* MVVM */,
			);
		};
/* End PBXProject section */

/* Begin PBXResourcesBuildPhase section */
		75ACA6C128D0EF73008063CF /* Resources */ = {
			isa = PBXResourcesBuildPhase;
			buildActionMask = 2147483647;
			files = (
				75ACA6E428D3568F008063CF /* .gitignore in Resources */,
				75ACA6D328D0EF75008063CF /* LaunchScreen.storyboard in Resources */,
				75ACA6D028D0EF75008063CF /* Assets.xcassets in Resources */,
				75ACA6CE28D0EF73008063CF /* Main.storyboard in Resources */,
			);
			runOnlyForDeploymentPostprocessing = 0;
		};
/* End PBXResourcesBuildPhase section */

/* Begin PBXSourcesBuildPhase section */
		75ACA6BF28D0EF73008063CF /* Sources */ = {
			isa = PBXSourcesBuildPhase;
			buildActionMask = 2147483647;
			files = (
				75ACA6CB28D0EF73008063CF /* ViewController.swift in Sources */,
				75ACA6DF28D0F8C3008063CF /* PersonViewCell.swift in Sources */,
				75ACA6C728D0EF73008063CF /* AppDelegate.swift in Sources */,
				75ACA6E228D33D0A008063CF /* PersonViewModel.swift in Sources */,
				75ACA6C928D0EF73008063CF /* SceneDelegate.swift in Sources */,
				75ACA6DC28D0F7C7008063CF /* Model.swift in Sources */,
			);
			runOnlyForDeploymentPostprocessing = 0;
		};
/* End PBXSourcesBuildPhase section */

/* Begin PBXVariantGroup section */
		75ACA6CC28D0EF73008063CF /* Main.storyboard */ = {
			isa = PBXVariantGroup;
			children = (
				75ACA6CD28D0EF73008063CF /* Base */,
			);
			name = Main.storyboard;
			sourceTree = "<group>";
		};
		75ACA6D128D0EF75008063CF /* LaunchScreen.storyboard */ = {
			isa = PBXVariantGroup;
			children = (
				75ACA6D228D0EF75008063CF /* Base */,
			);
			name = LaunchScreen.storyboard;
			sourceTree = "<group>";
		};
/* End PBXVariantGroup section */

/* Begin XCBuildConfiguration section */
		75ACA6D528D0EF75008063CF /* Debug */ = {
			isa = XCBuildConfiguration;
			buildSettings = {
				ALWAYS_SEARCH_USER_PATHS = NO;
				CLANG_ANALYZER_NONNULL = YES;
				CLANG_ANALYZER_NUMBER_OBJECT_CONVERSION = YES_AGGRESSIVE;
				CLANG_CXX_LANGUAGE_STANDARD = "gnu++17";
				CLANG_ENABLE_MODULES = YES;
				CLANG_ENABLE_OBJC_ARC = YES;
				CLANG_ENABLE_OBJC_WEAK = YES;
				CLANG_WARN_BLOCK_CAPTURE_AUTORELEASING = YES;
				CLANG_WARN_BOOL_CONVERSION = YES;
				CLANG_WARN_COMMA = YES;
				CLANG_WARN_CONSTANT_CONVERSION = YES;
				CLANG_WARN_DEPRECATED_OBJC_IMPLEMENTATIONS = YES;
				CLANG_WARN_DIRECT_OBJC_ISA_USAGE = YES_ERROR;
				CLANG_WARN_DOCUMENTATION_COMMENTS = YES;
				CLANG_WARN_EMPTY_BODY = YES;
				CLANG_WARN_ENUM_CONVERSION = YES;
				CLANG_WARN_INFINITE_RECURSION = YES;
				CLANG_WARN_INT_CONVERSION = YES;
				CLANG_WARN_NON_LITERAL_NULL_CONVERSION = YES;
				CLANG_WARN_OBJC_IMPLICIT_RETAIN_SELF = YES;
				CLANG_WARN_OBJC_LITERAL_CONVERSION = YES;
				CLANG_WARN_OBJC_ROOT_CLASS = YES_ERROR;
				CLANG_WARN_QUOTED_INCLUDE_IN_FRAMEWORK_HEADER = YES;
				CLANG_WARN_RANGE_LOOP_ANALYSIS = YES;
				CLANG_WARN_STRICT_PROTOTYPES = YES;
				CLANG_WARN_SUSPICIOUS_MOVE = YES;
				CLANG_WARN_UNGUARDED_AVAILABILITY = YES_AGGRESSIVE;
				CLANG_WARN_UNREACHABLE_CODE = YES;
				CLANG_WARN__DUPLICATE_METHOD_MATCH = YES;
				COPY_PHASE_STRIP = NO;
				DEBUG_INFORMATION_FORMAT = dwarf;
				ENABLE_STRICT_OBJC_MSGSEND = YES;
				ENABLE_TESTABILITY = YES;
				GCC_C_LANGUAGE_STANDARD = gnu11;
				GCC_DYNAMIC_NO_PIC = NO;
				GCC_NO_COMMON_BLOCKS = YES;
				GCC_OPTIMIZATION_LEVEL = 0;
				GCC_PREPROCESSOR_DEFINITIONS = (
					"DEBUG=1",
					"$(inherited)",
				);
				GCC_WARN_64_TO_32_BIT_CONVERSION = YES;
				GCC_WARN_ABOUT_RETURN_TYPE = YES_ERROR;
				GCC_WARN_UNDECLARED_SELECTOR = YES;
				GCC_WARN_UNINITIALIZED_AUTOS = YES_AGGRESSIVE;
				GCC_WARN_UNUSED_FUNCTION = YES;
				GCC_WARN_UNUSED_VARIABLE = YES;
				IPHONEOS_DEPLOYMENT_TARGET = 15.5;
				MTL_ENABLE_DEBUG_INFO = INCLUDE_SOURCE;
				MTL_FAST_MATH = YES;
				ONLY_ACTIVE_ARCH = YES;
				SDKROOT = iphoneos;
				SWIFT_ACTIVE_COMPILATION_CONDITIONS = DEBUG;
				SWIFT_OPTIMIZATION_LEVEL = "-Onone";
			};
			name = Debug;
		};
		75ACA6D628D0EF75008063CF /* Release */ = {
			isa = XCBuildConfiguration;
			buildSettings = {
				ALWAYS_SEARCH_USER_PATHS = NO;
				CLANG_ANALYZER_NONNULL = YES;
				CLANG_ANALYZER_NUMBER_OBJECT_CONVERSION = YES_AGGRESSIVE;
				CLANG_CXX_LANGUAGE_STANDARD = "gnu++17";
				CLANG_ENABLE_MODULES = YES;
				CLANG_ENABLE_OBJC_ARC = YES;
				CLANG_ENABLE_OBJC_WEAK = YES;
				CLANG_WARN_BLOCK_CAPTURE_AUTORELEASING = YES;
				CLANG_WARN_BOOL_CONVERSION = YES;
				CLANG_WARN_COMMA = YES;
				CLANG_WARN_CONSTANT_CONVERSION = YES;
				CLANG_WARN_DEPRECATED_OBJC_IMPLEMENTATIONS = YES;
				CLANG_WARN_DIRECT_OBJC_ISA_USAGE = YES_ERROR;
				CLANG_WARN_DOCUMENTATION_COMMENTS = YES;
				CLANG_WARN_EMPTY_BODY = YES;
				CLANG_WARN_ENUM_CONVERSION = YES;
				CLANG_WARN_INFINITE_RECURSION = YES;
				CLANG_WARN_INT_CONVERSION = YES;
				CLANG_WARN_NON_LITERAL_NULL_CONVERSION = YES;
				CLANG_WARN_OBJC_IMPLICIT_RETAIN_SELF = YES;
				CLANG_WARN_OBJC_LITERAL_CONVERSION = YES;
				CLANG_WARN_OBJC_ROOT_CLASS = YES_ERROR;
				CLANG_WARN_QUOTED_INCLUDE_IN_FRAMEWORK_HEADER = YES;
				CLANG_WARN_RANGE_LOOP_ANALYSIS = YES;
				CLANG_WARN_STRICT_PROTOTYPES = YES;
				CLANG_WARN_SUSPICIOUS_MOVE = YES;
				CLANG_WARN_UNGUARDED_AVAILABILITY = YES_AGGRESSIVE;
				CLANG_WARN_UNREACHABLE_CODE = YES;
				CLANG_WARN__DUPLICATE_METHOD_MATCH = YES;
				COPY_PHASE_STRIP = NO;
				DEBUG_INFORMATION_FORMAT = "dwarf-with-dsym";
				ENABLE_NS_ASSERTIONS = NO;
				ENABLE_STRICT_OBJC_MSGSEND = YES;
				GCC_C_LANGUAGE_STANDARD = gnu11;
				GCC_NO_COMMON_BLOCKS = YES;
				GCC_WARN_64_TO_32_BIT_CONVERSION = YES;
				GCC_WARN_ABOUT_RETURN_TYPE = YES_ERROR;
				GCC_WARN_UNDECLARED_SELECTOR = YES;
				GCC_WARN_UNINITIALIZED_AUTOS = YES_AGGRESSIVE;
				GCC_WARN_UNUSED_FUNCTION = YES;
				GCC_WARN_UNUSED_VARIABLE = YES;
				IPHONEOS_DEPLOYMENT_TARGET = 15.5;
				MTL_ENABLE_DEBUG_INFO = NO;
				MTL_FAST_MATH = YES;
				SDKROOT = iphoneos;
				SWIFT_COMPILATION_MODE = wholemodule;
				SWIFT_OPTIMIZATION_LEVEL = "-O";
				VALIDATE_PRODUCT = YES;
			};
			name = Release;
		};
		75ACA6D828D0EF75008063CF /* Debug */ = {
			isa = XCBuildConfiguration;
			buildSettings = {
				ASSETCATALOG_COMPILER_APPICON_NAME = AppIcon;
				ASSETCATALOG_COMPILER_GLOBAL_ACCENT_COLOR_NAME = AccentColor;
				CODE_SIGN_STYLE = Automatic;
				CURRENT_PROJECT_VERSION = 1;
				DEVELOPMENT_TEAM = Y279TVF4Y6;
				GENERATE_INFOPLIST_FILE = YES;
				INFOPLIST_FILE = MVVM/Info.plist;
				INFOPLIST_KEY_UIApplicationSupportsIndirectInputEvents = YES;
				INFOPLIST_KEY_UILaunchStoryboardName = LaunchScreen;
				INFOPLIST_KEY_UIMainStoryboardFile = Main;
				INFOPLIST_KEY_UISupportedInterfaceOrientations_iPad = "UIInterfaceOrientationPortrait UIInterfaceOrientationPortraitUpsideDown UIInterfaceOrientationLandscapeLeft UIInterfaceOrientationLandscapeRight";
				INFOPLIST_KEY_UISupportedInterfaceOrientations_iPhone = "UIInterfaceOrientationPortrait UIInterfaceOrientationLandscapeLeft UIInterfaceOrientationLandscapeRight";
				LD_RUNPATH_SEARCH_PATHS = (
					"$(inherited)",
					"@executable_path/Frameworks",
				);
				MARKETING_VERSION = 1.0;
				PRODUCT_BUNDLE_IDENTIFIER = com.secrieruandrei.MVVM;
				PRODUCT_NAME = "$(TARGET_NAME)";
				SWIFT_EMIT_LOC_STRINGS = YES;
				SWIFT_VERSION = 5.0;
				TARGETED_DEVICE_FAMILY = "1,2";
			};
			name = Debug;
		};
		75ACA6D928D0EF75008063CF /* Release */ = {
			isa = XCBuildConfiguration;
			buildSettings = {
				ASSETCATALOG_COMPILER_APPICON_NAME = AppIcon;
				ASSETCATALOG_COMPILER_GLOBAL_ACCENT_COLOR_NAME = AccentColor;
				CODE_SIGN_STYLE = Automatic;
				CURRENT_PROJECT_VERSION = 1;
				DEVELOPMENT_TEAM = Y279TVF4Y6;
				GENERATE_INFOPLIST_FILE = YES;
				INFOPLIST_FILE = MVVM/Info.plist;
				INFOPLIST_KEY_UIApplicationSupportsIndirectInputEvents = YES;
				INFOPLIST_KEY_UILaunchStoryboardName = LaunchScreen;
				INFOPLIST_KEY_UIMainStoryboardFile = Main;
				INFOPLIST_KEY_UISupportedInterfaceOrientations_iPad = "UIInterfaceOrientationPortrait UIInterfaceOrientationPortraitUpsideDown UIInterfaceOrientationLandscapeLeft UIInterfaceOrientationLandscapeRight";
				INFOPLIST_KEY_UISupportedInterfaceOrientations_iPhone = "UIInterfaceOrientationPortrait UIInterfaceOrientationLandscapeLeft UIInterfaceOrientationLandscapeRight";
				LD_RUNPATH_SEARCH_PATHS = (
					"$(inherited)",
					"@executable_path/Frameworks",
				);
				MARKETING_VERSION = 1.0;
				PRODUCT_BUNDLE_IDENTIFIER = com.secrieruandrei.MVVM;
				PRODUCT_NAME = "$(TARGET_NAME)";
				SWIFT_EMIT_LOC_STRINGS = YES;
				SWIFT_VERSION = 5.0;
				TARGETED_DEVICE_FAMILY = "1,2";
			};
			name = Release;
		};
/* End XCBuildConfiguration section */

/* Begin XCConfigurationList section */
		75ACA6BE28D0EF73008063CF /* Build configuration list for PBXProject "MVVM" */ = {
			isa = XCConfigurationList;
			buildConfigurations = (
				75ACA6D528D0EF75008063CF /* Debug */,
				75ACA6D628D0EF75008063CF /* Release */,
			);
			defaultConfigurationIsVisible = 0;
			defaultConfigurationName = Release;
		};
		75ACA6D728D0EF75008063CF /* Build configuration list for PBXNativeTarget "MVVM" */ = {
			isa = XCConfigurationList;
			buildConfigurations = (
				75ACA6D828D0EF75008063CF /* Debug */,
				75ACA6D928D0EF75008063CF /* Release */,
			);
			defaultConfigurationIsVisible = 0;
			defaultConfigurationName = Release;
		};
/* End XCConfigurationList section */
	};
	rootObject = 75ACA6BB28D0EF73008063CF /* Project object */;
}
